
Microsoft Visual Studio Solution File, Format Version 12.00
# Visual Studio Version 17
VisualStudioVersion = 17.2.32526.322
MinimumVisualStudioVersion = 10.0.40219.1
Project("{FAE04EC0-301F-11D3-BF4B-00C04F79EFBC}") = "FoodWeb", "FoodWeb\FoodWeb.csproj", "{DB5AD879-AD80-4E43-9162-D8197B1E4385}"
EndProject
Global
	GlobalSection(SolutionConfigurationPlatforms) = preSolution
		Debug|Any CPU = Debug|Any CPU
		Release|Any CPU = Release|Any CPU
	EndGlobalSection
	GlobalSection(ProjectConfigurationPlatforms) = postSolution
		{DB5AD879-AD80-4E43-9162-D8197B1E4385}.Debug|Any CPU.ActiveCfg = Debug|Any CPU
		{DB5AD879-AD80-4E43-9162-D8197B1E4385}.Debug|Any CPU.Build.0 = Debug|Any CPU
		{DB5AD879-AD80-4E43-9162-D8197B1E4385}.Release|Any CPU.ActiveCfg = Release|Any CPU
		{DB5AD879-AD80-4E43-9162-D8197B1E4385}.Release|Any CPU.Build.0 = Release|Any CPU
	EndGlobalSection
	GlobalSection(SolutionProperties) = preSolution
		HideSolutionNode = FALSE
	EndGlobalSection
	GlobalSection(ExtensibilityGlobals) = postSolution
		SolutionGuid = {1814E4F4-EEF2-40EE-B7CE-F36D7EE9D81F}
	EndGlobalSection
EndGlobal
